
Microsoft Visual Studio Solution File, Format Version 12.00
# Visual Studio Version 17
VisualStudioVersion = 17.4.33110.190
MinimumVisualStudioVersion = 10.0.40219.1
Project("{FAE04EC0-301F-11D3-BF4B-00C04F79EFBC}") = "MembershipSystem", "MembershipSystem\MembershipSystem.csproj", "{5A88B15D-2573-4426-94E2-3697F8C14171}"
EndProject
Global
	GlobalSection(SolutionConfigurationPlatforms) = preSolution
		Debug|Any CPU = Debug|Any CPU
		Release|Any CPU = Release|Any CPU
	EndGlobalSection
	GlobalSection(ProjectConfigurationPlatforms) = postSolution
		{5A88B15D-2573-4426-94E2-3697F8C14171}.Debug|Any CPU.ActiveCfg = Debug|Any CPU
		{5A88B15D-2573-4426-94E2-3697F8C14171}.Debug|Any CPU.Build.0 = Debug|Any CPU
		{5A88B15D-2573-4426-94E2-3697F8C14171}.Release|Any CPU.ActiveCfg = Release|Any CPU
		{5A88B15D-2573-4426-94E2-3697F8C14171}.Release|Any CPU.Build.0 = Release|Any CPU
	EndGlobalSection
	GlobalSection(SolutionProperties) = preSolution
		HideSolutionNode = FALSE
	EndGlobalSection
	GlobalSection(ExtensibilityGlobals) = postSolution
		SolutionGuid = {A8F30FA0-C339-4F71-931E-34765F79091E}
	EndGlobalSection
EndGlobal
